
Microsoft Visual Studio Solution File, Format Version 12.00
# Visual Studio Version 17
VisualStudioVersion = 17.4.33110.190
MinimumVisualStudioVersion = 10.0.40219.1
Project("{FAE04EC0-301F-11D3-BF4B-00C04F79EFBC}") = "Calculator", "Calculator\Calculator.csproj", "{EDC57F60-F795-4DB3-8D57-4A8A3EB73CCF}"
EndProject
Global
	GlobalSection(SolutionConfigurationPlatforms) = preSolution
		Debug|Any CPU = Debug|Any CPU
		Release|Any CPU = Release|Any CPU
	EndGlobalSection
	GlobalSection(ProjectConfigurationPlatforms) = postSolution
		{EDC57F60-F795-4DB3-8D57-4A8A3EB73CCF}.Debug|Any CPU.ActiveCfg = Debug|Any CPU
		{EDC57F60-F795-4DB3-8D57-4A8A3EB73CCF}.Debug|Any CPU.Build.0 = Debug|Any CPU
		{EDC57F60-F795-4DB3-8D57-4A8A3EB73CCF}.Release|Any CPU.ActiveCfg = Release|Any CPU
		{EDC57F60-F795-4DB3-8D57-4A8A3EB73CCF}.Release|Any CPU.Build.0 = Release|Any CPU
	EndGlobalSection
	GlobalSection(SolutionProperties) = preSolution
		HideSolutionNode = FALSE
	EndGlobalSection
	GlobalSection(ExtensibilityGlobals) = postSolution
		SolutionGuid = {CF8A7EED-F114-419D-8F92-9D77E307395C}
	EndGlobalSection
EndGlobal
